
Microsoft Visual Studio Solution File, Format Version 12.00
# Visual Studio Version 17
VisualStudioVersion = 17.7.34031.279
MinimumVisualStudioVersion = 10.0.40219.1
Project("{8BC9CEB8-8B4A-11D0-8D11-00A0C91BC942}") = "Detyra 3.2 Paralelizuar", "Detyra 3.2 Paralelizuar.vcxproj", "{4D4863BE-F579-42A8-86CC-8D316C9D2A7C}"
EndProject
Global
	GlobalSection(SolutionConfigurationPlatforms) = preSolution
		Debug|x64 = Debug|x64
		Release|x64 = Release|x64
	EndGlobalSection
	GlobalSection(ProjectConfigurationPlatforms) = postSolution
		{4D4863BE-F579-42A8-86CC-8D316C9D2A7C}.Debug|x64.ActiveCfg = Debug|x64
		{4D4863BE-F579-42A8-86CC-8D316C9D2A7C}.Debug|x64.Build.0 = Debug|x64
		{4D4863BE-F579-42A8-86CC-8D316C9D2A7C}.Release|x64.ActiveCfg = Release|x64
		{4D4863BE-F579-42A8-86CC-8D316C9D2A7C}.Release|x64.Build.0 = Release|x64
	EndGlobalSection
	GlobalSection(SolutionProperties) = preSolution
		HideSolutionNode = FALSE
	EndGlobalSection
	GlobalSection(ExtensibilityGlobals) = postSolution
		SolutionGuid = {9DBEF2AF-8897-4B58-A838-2A6F7397C7D1}
	EndGlobalSection
EndGlobal
